
Microsoft Visual Studio Solution File, Format Version 12.00
# Visual Studio Version 16
VisualStudioVersion = 16.0.29709.97
MinimumVisualStudioVersion = 10.0.40219.1
Project("{9A19103F-16F7-4668-BE54-9A1E7A4F7556}") = "Blog.Data", "Blog.Data\Blog.Data.csproj", "{36434BDB-73FB-412E-B9B7-17CF4B0D749A}"
EndProject
Project("{9A19103F-16F7-4668-BE54-9A1E7A4F7556}") = "Blog.Services", "Blog.Services\Blog.Services.csproj", "{D80B5C3C-15AD-4D6F-AD14-69C156027F54}"
EndProject
Project("{9A19103F-16F7-4668-BE54-9A1E7A4F7556}") = "Blog.Controllers", "Blog.Controllers\Blog.Controllers.csproj", "{133754F2-3D6F-46BD-BB46-C97BC7D3346C}"
EndProject
Project("{9A19103F-16F7-4668-BE54-9A1E7A4F7556}") = "Blog.Web", "Blog.Web\Blog.Web.csproj", "{45017AD8-0773-4443-BD0E-913833916B33}"
EndProject
Project("{9A19103F-16F7-4668-BE54-9A1E7A4F7556}") = "Blog.Test", "Blog.Test\Blog.Test.csproj", "{304D8DE0-DA04-4E68-B3C2-CC27CAC6E501}"
EndProject
Global
	GlobalSection(SolutionConfigurationPlatforms) = preSolution
		Debug|Any CPU = Debug|Any CPU
		Release|Any CPU = Release|Any CPU
	EndGlobalSection
	GlobalSection(ProjectConfigurationPlatforms) = postSolution
		{36434BDB-73FB-412E-B9B7-17CF4B0D749A}.Debug|Any CPU.ActiveCfg = Debug|Any CPU
		{36434BDB-73FB-412E-B9B7-17CF4B0D749A}.Debug|Any CPU.Build.0 = Debug|Any CPU
		{36434BDB-73FB-412E-B9B7-17CF4B0D749A}.Release|Any CPU.ActiveCfg = Release|Any CPU
		{36434BDB-73FB-412E-B9B7-17CF4B0D749A}.Release|Any CPU.Build.0 = Release|Any CPU
		{D80B5C3C-15AD-4D6F-AD14-69C156027F54}.Debug|Any CPU.ActiveCfg = Debug|Any CPU
		{D80B5C3C-15AD-4D6F-AD14-69C156027F54}.Debug|Any CPU.Build.0 = Debug|Any CPU
		{D80B5C3C-15AD-4D6F-AD14-69C156027F54}.Release|Any CPU.ActiveCfg = Release|Any CPU
		{D80B5C3C-15AD-4D6F-AD14-69C156027F54}.Release|Any CPU.Build.0 = Release|Any CPU
		{133754F2-3D6F-46BD-BB46-C97BC7D3346C}.Debug|Any CPU.ActiveCfg = Debug|Any CPU
		{133754F2-3D6F-46BD-BB46-C97BC7D3346C}.Debug|Any CPU.Build.0 = Debug|Any CPU
		{133754F2-3D6F-46BD-BB46-C97BC7D3346C}.Release|Any CPU.ActiveCfg = Release|Any CPU
		{133754F2-3D6F-46BD-BB46-C97BC7D3346C}.Release|Any CPU.Build.0 = Release|Any CPU
		{45017AD8-0773-4443-BD0E-913833916B33}.Debug|Any CPU.ActiveCfg = Debug|Any CPU
		{45017AD8-0773-4443-BD0E-913833916B33}.Debug|Any CPU.Build.0 = Debug|Any CPU
		{45017AD8-0773-4443-BD0E-913833916B33}.Release|Any CPU.ActiveCfg = Release|Any CPU
		{45017AD8-0773-4443-BD0E-913833916B33}.Release|Any CPU.Build.0 = Release|Any CPU
		{304D8DE0-DA04-4E68-B3C2-CC27CAC6E501}.Debug|Any CPU.ActiveCfg = Debug|Any CPU
		{304D8DE0-DA04-4E68-B3C2-CC27CAC6E501}.Debug|Any CPU.Build.0 = Debug|Any CPU
		{304D8DE0-DA04-4E68-B3C2-CC27CAC6E501}.Release|Any CPU.ActiveCfg = Release|Any CPU
		{304D8DE0-DA04-4E68-B3C2-CC27CAC6E501}.Release|Any CPU.Build.0 = Release|Any CPU
	EndGlobalSection
	GlobalSection(SolutionProperties) = preSolution
		HideSolutionNode = FALSE
	EndGlobalSection
	GlobalSection(ExtensibilityGlobals) = postSolution
		SolutionGuid = {6BC7D11F-96D0-49B5-8DBD-92FE1879815D}
	EndGlobalSection
EndGlobal
